// !$*UTF8*$!
{
	archiveVersion = 1;
	classes = {
	};
	objectVersion = 50;
	objects = {

/* Begin PBXBuildFile section */
		245E1D96232A64EE00733D82 /* AppDelegate.swift in Sources */ = {isa = PBXBuildFile; fileRef = 245E1D95232A64EE00733D82 /* AppDelegate.swift */; };
		245E1D98232A64EE00733D82 /* ViewController.swift in Sources */ = {isa = PBXBuildFile; fileRef = 245E1D97232A64EE00733D82 /* ViewController.swift */; };
		245E1D9B232A64EE00733D82 /* Main.storyboard in Resources */ = {isa = PBXBuildFile; fileRef = 245E1D99232A64EE00733D82 /* Main.storyboard */; };
		245E1D9E232A64EE00733D82 /* ArtBook.xcdatamodeld in Sources */ = {isa = PBXBuildFile; fileRef = 245E1D9C232A64EE00733D82 /* ArtBook.xcdatamodeld */; };
		245E1DA0232A64EF00733D82 /* Assets.xcassets in Resources */ = {isa = PBXBuildFile; fileRef = 245E1D9F232A64EF00733D82 /* Assets.xcassets */; };
		245E1DA3232A64EF00733D82 /* LaunchScreen.storyboard in Resources */ = {isa = PBXBuildFile; fileRef = 245E1DA1232A64EF00733D82 /* LaunchScreen.storyboard */; };
		245E1DAB232A691500733D82 /* DetailsVC.swift in Sources */ = {isa = PBXBuildFile; fileRef = 245E1DAA232A691500733D82 /* DetailsVC.swift */; };
		245E1DAD232A70CC00733D82 /* select.png in Resources */ = {isa = PBXBuildFile; fileRef = 245E1DAC232A70CC00733D82 /* select.png */; };
/* End PBXBuildFile section */

/* Begin PBXFileReference section */
		245E1D92232A64EE00733D82 /* ArtBook.app */ = {isa = PBXFileReference; explicitFileType = wrapper.application; includeInIndex = 0; path = ArtBook.app; sourceTree = BUILT_PRODUCTS_DIR; };
		245E1D95232A64EE00733D82 /* AppDelegate.swift */ = {isa = PBXFileReference; lastKnownFileType = sourcecode.swift; path = AppDelegate.swift; sourceTree = "<group>"; };
		245E1D97232A64EE00733D82 /* ViewController.swift */ = {isa = PBXFileReference; lastKnownFileType = sourcecode.swift; path = ViewController.swift; sourceTree = "<group>"; };
		245E1D9A232A64EE00733D82 /* Base */ = {isa = PBXFileReference; lastKnownFileType = file.storyboard; name = Base; path = Base.lproj/Main.storyboard; sourceTree = "<group>"; };
		245E1D9D232A64EE00733D82 /* ArtBook.xcdatamodel */ = {isa = PBXFileReference; lastKnownFileType = wrapper.xcdatamodel; path = ArtBook.xcdatamodel; sourceTree = "<group>"; };
		245E1D9F232A64EF00733D82 /* Assets.xcassets */ = {isa = PBXFileReference; lastKnownFileType = folder.assetcatalog; path = Assets.xcassets; sourceTree = "<group>"; };
		245E1DA2232A64EF00733D82 /* Base */ = {isa = PBXFileReference; lastKnownFileType = file.storyboard; name = Base; path = Base.lproj/LaunchScreen.storyboard; sourceTree = "<group>"; };
		245E1DA4232A64EF00733D82 /* Info.plist */ = {isa = PBXFileReference; lastKnownFileType = text.plist.xml; path = Info.plist; sourceTree = "<group>"; };
		245E1DAA232A691500733D82 /* DetailsVC.swift */ = {isa = PBXFileReference; lastKnownFileType = sourcecode.swift; path = DetailsVC.swift; sourceTree = "<group>"; };
		245E1DAC232A70CC00733D82 /* select.png */ = {isa = PBXFileReference; lastKnownFileType = image.png; path = select.png; sourceTree = "<group>"; };
/* End PBXFileReference section */

/* Begin PBXFrameworksBuildPhase section */
		245E1D8F232A64EE00733D82 /* Frameworks */ = {
			isa = PBXFrameworksBuildPhase;
			buildActionMask = 2147483647;
			files = (
			);
			runOnlyForDeploymentPostprocessing = 0;
		};
/* End PBXFrameworksBuildPhase section */

/* Begin PBXGroup section */
		245E1D89232A64EE00733D82 = {
			isa = PBXGroup;
			children = (
				245E1D94232A64EE00733D82 /* ArtBook */,
				245E1D93232A64EE00733D82 /* Products */,
			);
			sourceTree = "<group>";
		};
		245E1D93232A64EE00733D82 /* Products */ = {
			isa = PBXGroup;
			children = (
				245E1D92232A64EE00733D82 /* ArtBook.app */,
			);
			name = Products;
			sourceTree = "<group>";
		};
		245E1D94232A64EE00733D82 /* ArtBook */ = {
			isa = PBXGroup;
			children = (
				245E1DAC232A70CC00733D82 /* select.png */,
				245E1D95232A64EE00733D82 /* AppDelegate.swift */,
				245E1D97232A64EE00733D82 /* ViewController.swift */,
				245E1DAA232A691500733D82 /* DetailsVC.swift */,
				245E1D99232A64EE00733D82 /* Main.storyboard */,
				245E1D9F232A64EF00733D82 /* Assets.xcassets */,
				245E1DA1232A64EF00733D82 /* LaunchScreen.storyboard */,
				245E1DA4232A64EF00733D82 /* Info.plist */,
				245E1D9C232A64EE00733D82 /* ArtBook.xcdatamodeld */,
			);
			path = ArtBook;
			sourceTree = "<group>";
		};
/* End PBXGroup section */

/* Begin PBXNativeTarget section */
		245E1D91232A64EE00733D82 /* ArtBook */ = {
			isa = PBXNativeTarget;
			buildConfigurationList = 245E1DA7232A64EF00733D82 /* Build configuration list for PBXNativeTarget "ArtBook" */;
			buildPhases = (
				245E1D8E232A64EE00733D82 /* Sources */,
				245E1D8F232A64EE00733D82 /* Frameworks */,
				245E1D90232A64EE00733D82 /* Resources */,
			);
			buildRules = (
			);
			dependencies = (
			);
			name = ArtBook;
			productName = ArtBook;
			productReference = 245E1D92232A64EE00733D82 /* ArtBook.app */;
			productType = "com.apple.product-type.application";
		};
/* End PBXNativeTarget section */

/* Begin PBXProject section */
		245E1D8A232A64EE00733D82 /* Project object */ = {
			isa = PBXProject;
			attributes = {
				LastSwiftUpdateCheck = 1030;
				LastUpgradeCheck = 1030;
				ORGANIZATIONNAME = "Eren Ercan Aydın";
				TargetAttributes = {
					245E1D91232A64EE00733D82 = {
						CreatedOnToolsVersion = 10.3;
					};
				};
			};
			buildConfigurationList = 245E1D8D232A64EE00733D82 /* Build configuration list for PBXProject "ArtBook" */;
			compatibilityVersion = "Xcode 9.3";
			developmentRegion = en;
			hasScannedForEncodings = 0;
			knownRegions = (
				en,
				Base,
			);
			mainGroup = 245E1D89232A64EE00733D82;
			productRefGroup = 245E1D93232A64EE00733D82 /* Products */;
			projectDirPath = "";
			projectRoot = "";
			targets = (
				245E1D91232A64EE00733D82 /* ArtBook */,
			);
		};
/* End PBXProject section */

/* Begin PBXResourcesBuildPhase section */
		245E1D90232A64EE00733D82 /* Resources */ = {
			isa = PBXResourcesBuildPhase;
			buildActionMask = 2147483647;
			files = (
				245E1DA3232A64EF00733D82 /* LaunchScreen.storyboard in Resources */,
				245E1DAD232A70CC00733D82 /* select.png in Resources */,
				245E1DA0232A64EF00733D82 /* Assets.xcassets in Resources */,
				245E1D9B232A64EE00733D82 /* Main.storyboard in Resources */,
			);
			runOnlyForDeploymentPostprocessing = 0;
		};
/* End PBXResourcesBuildPhase section */

/* Begin PBXSourcesBuildPhase section */
		245E1D8E232A64EE00733D82 /* Sources */ = {
			isa = PBXSourcesBuildPhase;
			buildActionMask = 2147483647;
			files = (
				245E1D98232A64EE00733D82 /* ViewController.swift in Sources */,
				245E1DAB232A691500733D82 /* DetailsVC.swift in Sources */,
				245E1D9E232A64EE00733D82 /* ArtBook.xcdatamodeld in Sources */,
				245E1D96232A64EE00733D82 /* AppDelegate.swift in Sources */,
			);
			runOnlyForDeploymentPostprocessing = 0;
		};
/* End PBXSourcesBuildPhase section */

/* Begin PBXVariantGroup section */
		245E1D99232A64EE00733D82 /* Main.storyboard */ = {
			isa = PBXVariantGroup;
			children = (
				245E1D9A232A64EE00733D82 /* Base */,
			);
			name = Main.storyboard;
			sourceTree = "<group>";
		};
		245E1DA1232A64EF00733D82 /* LaunchScreen.storyboard */ = {
			isa = PBXVariantGroup;
			children = (
				245E1DA2232A64EF00733D82 /* Base */,
			);
			name = LaunchScreen.storyboard;
			sourceTree = "<group>";
		};
/* End PBXVariantGroup section */

/* Begin XCBuildConfiguration section */
		245E1DA5232A64EF00733D82 /* Debug */ = {
			isa = XCBuildConfiguration;
			buildSettings = {
				ALWAYS_SEARCH_USER_PATHS = NO;
				CLANG_ANALYZER_NONNULL = YES;
				CLANG_ANALYZER_NUMBER_OBJECT_CONVERSION = YES_AGGRESSIVE;
				CLANG_CXX_LANGUAGE_STANDARD = "gnu++14";
				CLANG_CXX_LIBRARY = "libc++";
				CLANG_ENABLE_MODULES = YES;
				CLANG_ENABLE_OBJC_ARC = YES;
				CLANG_ENABLE_OBJC_WEAK = YES;
				CLANG_WARN_BLOCK_CAPTURE_AUTORELEASING = YES;
				CLANG_WARN_BOOL_CONVERSION = YES;
				CLANG_WARN_COMMA = YES;
				CLANG_WARN_CONSTANT_CONVERSION = YES;
				CLANG_WARN_DEPRECATED_OBJC_IMPLEMENTATIONS = YES;
				CLANG_WARN_DIRECT_OBJC_ISA_USAGE = YES_ERROR;
				CLANG_WARN_DOCUMENTATION_COMMENTS = YES;
				CLANG_WARN_EMPTY_BODY = YES;
				CLANG_WARN_ENUM_CONVERSION = YES;
				CLANG_WARN_INFINITE_RECURSION = YES;
				CLANG_WARN_INT_CONVERSION = YES;
				CLANG_WARN_NON_LITERAL_NULL_CONVERSION = YES;
				CLANG_WARN_OBJC_IMPLICIT_RETAIN_SELF = YES;
				CLANG_WARN_OBJC_LITERAL_CONVERSION = YES;
				CLANG_WARN_OBJC_ROOT_CLASS = YES_ERROR;
				CLANG_WARN_RANGE_LOOP_ANALYSIS = YES;
				CLANG_WARN_STRICT_PROTOTYPES = YES;
				CLANG_WARN_SUSPICIOUS_MOVE = YES;
				CLANG_WARN_UNGUARDED_AVAILABILITY = YES_AGGRESSIVE;
				CLANG_WARN_UNREACHABLE_CODE = YES;
				CLANG_WARN__DUPLICATE_METHOD_MATCH = YES;
				CODE_SIGN_IDENTITY = "iPhone Developer";
				COPY_PHASE_STRIP = NO;
				DEBUG_INFORMATION_FORMAT = dwarf;
				ENABLE_STRICT_OBJC_MSGSEND = YES;
				ENABLE_TESTABILITY = YES;
				GCC_C_LANGUAGE_STANDARD = gnu11;
				GCC_DYNAMIC_NO_PIC = NO;
				GCC_NO_COMMON_BLOCKS = YES;
				GCC_OPTIMIZATION_LEVEL = 0;
				GCC_PREPROCESSOR_DEFINITIONS = (
					"DEBUG=1",
					"$(inherited)",
				);
				GCC_WARN_64_TO_32_BIT_CONVERSION = YES;
				GCC_WARN_ABOUT_RETURN_TYPE = YES_ERROR;
				GCC_WARN_UNDECLARED_SELECTOR = YES;
				GCC_WARN_UNINITIALIZED_AUTOS = YES_AGGRESSIVE;
				GCC_WARN_UNUSED_FUNCTION = YES;
				GCC_WARN_UNUSED_VARIABLE = YES;
				IPHONEOS_DEPLOYMENT_TARGET = 12.4;
				MTL_ENABLE_DEBUG_INFO = INCLUDE_SOURCE;
				MTL_FAST_MATH = YES;
				ONLY_ACTIVE_ARCH = YES;
				SDKROOT = iphoneos;
				SWIFT_ACTIVE_COMPILATION_CONDITIONS = DEBUG;
				SWIFT_OPTIMIZATION_LEVEL = "-Onone";
			};
			name = Debug;
		};
		245E1DA6232A64EF00733D82 /* Release */ = {
			isa = XCBuildConfiguration;
			buildSettings = {
				ALWAYS_SEARCH_USER_PATHS = NO;
				CLANG_ANALYZER_NONNULL = YES;
				CLANG_ANALYZER_NUMBER_OBJECT_CONVERSION = YES_AGGRESSIVE;
				CLANG_CXX_LANGUAGE_STANDARD = "gnu++14";
				CLANG_CXX_LIBRARY = "libc++";
				CLANG_ENABLE_MODULES = YES;
				CLANG_ENABLE_OBJC_ARC = YES;
				CLANG_ENABLE_OBJC_WEAK = YES;
				CLANG_WARN_BLOCK_CAPTURE_AUTORELEASING = YES;
				CLANG_WARN_BOOL_CONVERSION = YES;
				CLANG_WARN_COMMA = YES;
				CLANG_WARN_CONSTANT_CONVERSION = YES;
				CLANG_WARN_DEPRECATED_OBJC_IMPLEMENTATIONS = YES;
				CLANG_WARN_DIRECT_OBJC_ISA_USAGE = YES_ERROR;
				CLANG_WARN_DOCUMENTATION_COMMENTS = YES;
				CLANG_WARN_EMPTY_BODY = YES;
				CLANG_WARN_ENUM_CONVERSION = YES;
				CLANG_WARN_INFINITE_RECURSION = YES;
				CLANG_WARN_INT_CONVERSION = YES;
				CLANG_WARN_NON_LITERAL_NULL_CONVERSION = YES;
				CLANG_WARN_OBJC_IMPLICIT_RETAIN_SELF = YES;
				CLANG_WARN_OBJC_LITERAL_CONVERSION = YES;
				CLANG_WARN_OBJC_ROOT_CLASS = YES_ERROR;
				CLANG_WARN_RANGE_LOOP_ANALYSIS = YES;
				CLANG_WARN_STRICT_PROTOTYPES = YES;
				CLANG_WARN_SUSPICIOUS_MOVE = YES;
				CLANG_WARN_UNGUARDED_AVAILABILITY = YES_AGGRESSIVE;
				CLANG_WARN_UNREACHABLE_CODE = YES;
				CLANG_WARN__DUPLICATE_METHOD_MATCH = YES;
				CODE_SIGN_IDENTITY = "iPhone Developer";
				COPY_PHASE_STRIP = NO;
				DEBUG_INFORMATION_FORMAT = "dwarf-with-dsym";
				ENABLE_NS_ASSERTIONS = NO;
				ENABLE_STRICT_OBJC_MSGSEND = YES;
				GCC_C_LANGUAGE_STANDARD = gnu11;
				GCC_NO_COMMON_BLOCKS = YES;
				GCC_WARN_64_TO_32_BIT_CONVERSION = YES;
				GCC_WARN_ABOUT_RETURN_TYPE = YES_ERROR;
				GCC_WARN_UNDECLARED_SELECTOR = YES;
				GCC_WARN_UNINITIALIZED_AUTOS = YES_AGGRESSIVE;
				GCC_WARN_UNUSED_FUNCTION = YES;
				GCC_WARN_UNUSED_VARIABLE = YES;
				IPHONEOS_DEPLOYMENT_TARGET = 12.4;
				MTL_ENABLE_DEBUG_INFO = NO;
				MTL_FAST_MATH = YES;
				SDKROOT = iphoneos;
				SWIFT_COMPILATION_MODE = wholemodule;
				SWIFT_OPTIMIZATION_LEVEL = "-O";
				VALIDATE_PRODUCT = YES;
			};
			name = Release;
		};
		245E1DA8232A64EF00733D82 /* Debug */ = {
			isa = XCBuildConfiguration;
			buildSettings = {
				ASSETCATALOG_COMPILER_APPICON_NAME = AppIcon;
				CODE_SIGN_STYLE = Automatic;
				DEVELOPMENT_TEAM = FMU2VGSN6F;
				INFOPLIST_FILE = ArtBook/Info.plist;
				LD_RUNPATH_SEARCH_PATHS = (
					"$(inherited)",
					"@executable_path/Frameworks",
				);
				PRODUCT_BUNDLE_IDENTIFIER = eren.ArtBook;
				PRODUCT_NAME = "$(TARGET_NAME)";
				SWIFT_VERSION = 5.0;
				TARGETED_DEVICE_FAMILY = "1,2";
			};
			name = Debug;
		};
		245E1DA9232A64EF00733D82 /* Release */ = {
			isa = XCBuildConfiguration;
			buildSettings = {
				ASSETCATALOG_COMPILER_APPICON_NAME = AppIcon;
				CODE_SIGN_STYLE = Automatic;
				DEVELOPMENT_TEAM = FMU2VGSN6F;
				INFOPLIST_FILE = ArtBook/Info.plist;
				LD_RUNPATH_SEARCH_PATHS = (
					"$(inherited)",
					"@executable_path/Frameworks",
				);
				PRODUCT_BUNDLE_IDENTIFIER = eren.ArtBook;
				PRODUCT_NAME = "$(TARGET_NAME)";
				SWIFT_VERSION = 5.0;
				TARGETED_DEVICE_FAMILY = "1,2";
			};
			name = Release;
		};
/* End XCBuildConfiguration section */

/* Begin XCConfigurationList section */
		245E1D8D232A64EE00733D82 /* Build configuration list for PBXProject "ArtBook" */ = {
			isa = XCConfigurationList;
			buildConfigurations = (
				245E1DA5232A64EF00733D82 /* Debug */,
				245E1DA6232A64EF00733D82 /* Release */,
			);
			defaultConfigurationIsVisible = 0;
			defaultConfigurationName = Release;
		};
		245E1DA7232A64EF00733D82 /* Build configuration list for PBXNativeTarget "ArtBook" */ = {
			isa = XCConfigurationList;
			buildConfigurations = (
				245E1DA8232A64EF00733D82 /* Debug */,
				245E1DA9232A64EF00733D82 /* Release */,
			);
			defaultConfigurationIsVisible = 0;
			defaultConfigurationName = Release;
		};
/* End XCConfigurationList section */

/* Begin XCVersionGroup section */
		245E1D9C232A64EE00733D82 /* ArtBook.xcdatamodeld */ = {
			isa = XCVersionGroup;
			children = (
				245E1D9D232A64EE00733D82 /* ArtBook.xcdatamodel */,
			);
			currentVersion = 245E1D9D232A64EE00733D82 /* ArtBook.xcdatamodel */;
			path = ArtBook.xcdatamodeld;
			sourceTree = "<group>";
			versionGroupType = wrapper.xcdatamodel;
		};
/* End XCVersionGroup section */
	};
	rootObject = 245E1D8A232A64EE00733D82 /* Project object */;
}
